// !$*UTF8*$!
{
	archiveVersion = 1;
	classes = {
	};
	objectVersion = 46;
	objects = {

/* Begin PBXBuildFile section */
		7312B50D1ED4028A009C6B02 /* AppDelegate.swift in Sources */ = {isa = PBXBuildFile; fileRef = 7312B50C1ED4028A009C6B02 /* AppDelegate.swift */; };
		7312B50F1ED4028A009C6B02 /* ViewController.swift in Sources */ = {isa = PBXBuildFile; fileRef = 7312B50E1ED4028A009C6B02 /* ViewController.swift */; };
		7312B5121ED4028A009C6B02 /* Main.storyboard in Resources */ = {isa = PBXBuildFile; fileRef = 7312B5101ED4028A009C6B02 /* Main.storyboard */; };
		7312B5141ED4028A009C6B02 /* Assets.xcassets in Resources */ = {isa = PBXBuildFile; fileRef = 7312B5131ED4028A009C6B02 /* Assets.xcassets */; };
		7312B5171ED4028A009C6B02 /* LaunchScreen.storyboard in Resources */ = {isa = PBXBuildFile; fileRef = 7312B5151ED4028A009C6B02 /* LaunchScreen.storyboard */; };
		73C483EF1ED4264300201C11 /* DCUIFramework.framework in Frameworks */ = {isa = PBXBuildFile; fileRef = 7312B5231ED402A1009C6B02 /* DCUIFramework.framework */; };
		73CCED261ED5C1F3007401D4 /* DCUIFramework.framework in Frameworks */ = {isa = PBXBuildFile; fileRef = 7312B5231ED402A1009C6B02 /* DCUIFramework.framework */; };
		73CCED271ED5C1F4007401D4 /* DCUIFramework.framework in Embed Frameworks */ = {isa = PBXBuildFile; fileRef = 7312B5231ED402A1009C6B02 /* DCUIFramework.framework */; settings = {ATTRIBUTES = (CodeSignOnCopy, RemoveHeadersOnCopy, ); }; };
		73CCED391ED70D11007401D4 /* Kingfisher.framework in Frameworks */ = {isa = PBXBuildFile; fileRef = 73CCED371ED70C81007401D4 /* Kingfisher.framework */; };
		73CCED3A1ED70D11007401D4 /* Kingfisher.framework in Embed Frameworks */ = {isa = PBXBuildFile; fileRef = 73CCED371ED70C81007401D4 /* Kingfisher.framework */; settings = {ATTRIBUTES = (CodeSignOnCopy, RemoveHeadersOnCopy, ); }; };
		73CCED401ED71C00007401D4 /* PermissionScope.framework in Frameworks */ = {isa = PBXBuildFile; fileRef = 73CCED3F1ED71C00007401D4 /* PermissionScope.framework */; };
/* End PBXBuildFile section */

/* Begin PBXContainerItemProxy section */
		7312B5221ED402A1009C6B02 /* PBXContainerItemProxy */ = {
			isa = PBXContainerItemProxy;
			containerPortal = 7312B51E1ED402A1009C6B02 /* DCUIFramework.xcodeproj */;
			proxyType = 2;
			remoteGlobalIDString = 7312B4F51ED40248009C6B02;
			remoteInfo = DCUIFramework;
		};
		73CCED281ED5C1F4007401D4 /* PBXContainerItemProxy */ = {
			isa = PBXContainerItemProxy;
			containerPortal = 7312B51E1ED402A1009C6B02 /* DCUIFramework.xcodeproj */;
			proxyType = 1;
			remoteGlobalIDString = 7312B4F41ED40248009C6B02;
			remoteInfo = DCUIFramework;
		};
/* End PBXContainerItemProxy section */

/* Begin PBXCopyFilesBuildPhase section */
		73CCED2A1ED5C1F4007401D4 /* Embed Frameworks */ = {
			isa = PBXCopyFilesBuildPhase;
			buildActionMask = 2147483647;
			dstPath = "";
			dstSubfolderSpec = 10;
			files = (
				73CCED3A1ED70D11007401D4 /* Kingfisher.framework in Embed Frameworks */,
				73CCED271ED5C1F4007401D4 /* DCUIFramework.framework in Embed Frameworks */,
			);
			name = "Embed Frameworks";
			runOnlyForDeploymentPostprocessing = 0;
		};
/* End PBXCopyFilesBuildPhase section */

/* Begin PBXFileReference section */
		7312B5091ED4028A009C6B02 /* UIDemoApp.app */ = {isa = PBXFileReference; explicitFileType = wrapper.application; includeInIndex = 0; path = UIDemoApp.app; sourceTree = BUILT_PRODUCTS_DIR; };
		7312B50C1ED4028A009C6B02 /* AppDelegate.swift */ = {isa = PBXFileReference; lastKnownFileType = sourcecode.swift; path = AppDelegate.swift; sourceTree = "<group>"; };
		7312B50E1ED4028A009C6B02 /* ViewController.swift */ = {isa = PBXFileReference; lastKnownFileType = sourcecode.swift; path = ViewController.swift; sourceTree = "<group>"; };
		7312B5111ED4028A009C6B02 /* Base */ = {isa = PBXFileReference; lastKnownFileType = file.storyboard; name = Base; path = Base.lproj/Main.storyboard; sourceTree = "<group>"; };
		7312B5131ED4028A009C6B02 /* Assets.xcassets */ = {isa = PBXFileReference; lastKnownFileType = folder.assetcatalog; path = Assets.xcassets; sourceTree = "<group>"; };
		7312B5161ED4028A009C6B02 /* Base */ = {isa = PBXFileReference; lastKnownFileType = file.storyboard; name = Base; path = Base.lproj/LaunchScreen.storyboard; sourceTree = "<group>"; };
		7312B5181ED4028A009C6B02 /* Info.plist */ = {isa = PBXFileReference; lastKnownFileType = text.plist.xml; path = Info.plist; sourceTree = "<group>"; };
		7312B51E1ED402A1009C6B02 /* DCUIFramework.xcodeproj */ = {isa = PBXFileReference; lastKnownFileType = "wrapper.pb-project"; name = DCUIFramework.xcodeproj; path = ../DCUIFramework.xcodeproj; sourceTree = "<group>"; };
		73CCED371ED70C81007401D4 /* Kingfisher.framework */ = {isa = PBXFileReference; lastKnownFileType = wrapper.framework; path = Kingfisher.framework; sourceTree = "<group>"; };
		73CCED3F1ED71C00007401D4 /* PermissionScope.framework */ = {isa = PBXFileReference; lastKnownFileType = wrapper.framework; path = PermissionScope.framework; sourceTree = "<group>"; };
/* End PBXFileReference section */

/* Begin PBXFrameworksBuildPhase section */
		7312B5061ED4028A009C6B02 /* Frameworks */ = {
			isa = PBXFrameworksBuildPhase;
			buildActionMask = 2147483647;
			files = (
				73CCED401ED71C00007401D4 /* PermissionScope.framework in Frameworks */,
				73CCED261ED5C1F3007401D4 /* DCUIFramework.framework in Frameworks */,
				73CCED391ED70D11007401D4 /* Kingfisher.framework in Frameworks */,
				73C483EF1ED4264300201C11 /* DCUIFramework.framework in Frameworks */,
			);
			runOnlyForDeploymentPostprocessing = 0;
		};
/* End PBXFrameworksBuildPhase section */

/* Begin PBXGroup section */
		7312B5001ED4028A009C6B02 = {
			isa = PBXGroup;
			children = (
				7312B51E1ED402A1009C6B02 /* DCUIFramework.xcodeproj */,
				7312B50B1ED4028A009C6B02 /* UIDemoApp */,
				7312B50A1ED4028A009C6B02 /* Products */,
			);
			sourceTree = "<group>";
		};
		7312B50A1ED4028A009C6B02 /* Products */ = {
			isa = PBXGroup;
			children = (
				7312B5091ED4028A009C6B02 /* UIDemoApp.app */,
			);
			name = Products;
			sourceTree = "<group>";
		};
		7312B50B1ED4028A009C6B02 /* UIDemoApp */ = {
			isa = PBXGroup;
			children = (
				73CCED361ED70C81007401D4 /* Frameworks */,
				7312B50C1ED4028A009C6B02 /* AppDelegate.swift */,
				7312B50E1ED4028A009C6B02 /* ViewController.swift */,
				7312B5101ED4028A009C6B02 /* Main.storyboard */,
				7312B5131ED4028A009C6B02 /* Assets.xcassets */,
				7312B5151ED4028A009C6B02 /* LaunchScreen.storyboard */,
				7312B5181ED4028A009C6B02 /* Info.plist */,
			);
			path = UIDemoApp;
			sourceTree = "<group>";
		};
		7312B51F1ED402A1009C6B02 /* Products */ = {
			isa = PBXGroup;
			children = (
				7312B5231ED402A1009C6B02 /* DCUIFramework.framework */,
			);
			name = Products;
			sourceTree = "<group>";
		};
		73CCED361ED70C81007401D4 /* Frameworks */ = {
			isa = PBXGroup;
			children = (
				73CCED3F1ED71C00007401D4 /* PermissionScope.framework */,
				73CCED371ED70C81007401D4 /* Kingfisher.framework */,
			);
			path = Frameworks;
			sourceTree = "<group>";
		};
/* End PBXGroup section */

/* Begin PBXNativeTarget section */
		7312B5081ED4028A009C6B02 /* UIDemoApp */ = {
			isa = PBXNativeTarget;
			buildConfigurationList = 7312B51B1ED4028A009C6B02 /* Build configuration list for PBXNativeTarget "UIDemoApp" */;
			buildPhases = (
				7312B5051ED4028A009C6B02 /* Sources */,
				7312B5061ED4028A009C6B02 /* Frameworks */,
				7312B5071ED4028A009C6B02 /* Resources */,
				73CCED2A1ED5C1F4007401D4 /* Embed Frameworks */,
			);
			buildRules = (
			);
			dependencies = (
				73CCED291ED5C1F4007401D4 /* PBXTargetDependency */,
			);
			name = UIDemoApp;
			productName = UIDemoApp;
			productReference = 7312B5091ED4028A009C6B02 /* UIDemoApp.app */;
			productType = "com.apple.product-type.application";
		};
/* End PBXNativeTarget section */

/* Begin PBXProject section */
		7312B5011ED4028A009C6B02 /* Project object */ = {
			isa = PBXProject;
			attributes = {
				LastSwiftUpdateCheck = 0830;
				LastUpgradeCheck = 0830;
				ORGANIZATIONNAME = "Abhinav Agarwal";
				TargetAttributes = {
					7312B5081ED4028A009C6B02 = {
						CreatedOnToolsVersion = 8.3.2;
						DevelopmentTeam = H689839E64;
						ProvisioningStyle = Manual;
					};
				};
			};
			buildConfigurationList = 7312B5041ED4028A009C6B02 /* Build configuration list for PBXProject "UIDemoApp" */;
			compatibilityVersion = "Xcode 3.2";
			developmentRegion = English;
			hasScannedForEncodings = 0;
			knownRegions = (
				en,
				Base,
			);
			mainGroup = 7312B5001ED4028A009C6B02;
			productRefGroup = 7312B50A1ED4028A009C6B02 /* Products */;
			projectDirPath = "";
			projectReferences = (
				{
					ProductGroup = 7312B51F1ED402A1009C6B02 /* Products */;
					ProjectRef = 7312B51E1ED402A1009C6B02 /* DCUIFramework.xcodeproj */;
				},
			);
			projectRoot = "";
			targets = (
				7312B5081ED4028A009C6B02 /* UIDemoApp */,
			);
		};
/* End PBXProject section */

/* Begin PBXReferenceProxy section */
		7312B5231ED402A1009C6B02 /* DCUIFramework.framework */ = {
			isa = PBXReferenceProxy;
			fileType = wrapper.framework;
			path = DCUIFramework.framework;
			remoteRef = 7312B5221ED402A1009C6B02 /* PBXContainerItemProxy */;
			sourceTree = BUILT_PRODUCTS_DIR;
		};
/* End PBXReferenceProxy section */

/* Begin PBXResourcesBuildPhase section */
		7312B5071ED4028A009C6B02 /* Resources */ = {
			isa = PBXResourcesBuildPhase;
			buildActionMask = 2147483647;
			files = (
				7312B5171ED4028A009C6B02 /* LaunchScreen.storyboard in Resources */,
				7312B5141ED4028A009C6B02 /* Assets.xcassets in Resources */,
				7312B5121ED4028A009C6B02 /* Main.storyboard in Resources */,
			);
			runOnlyForDeploymentPostprocessing = 0;
		};
/* End PBXResourcesBuildPhase section */

/* Begin PBXSourcesBuildPhase section */
		7312B5051ED4028A009C6B02 /* Sources */ = {
			isa = PBXSourcesBuildPhase;
			buildActionMask = 2147483647;
			files = (
				7312B50F1ED4028A009C6B02 /* ViewController.swift in Sources */,
				7312B50D1ED4028A009C6B02 /* AppDelegate.swift in Sources */,
			);
			runOnlyForDeploymentPostprocessing = 0;
		};
/* End PBXSourcesBuildPhase section */

/* Begin PBXTargetDependency section */
		73CCED291ED5C1F4007401D4 /* PBXTargetDependency */ = {
			isa = PBXTargetDependency;
			name = DCUIFramework;
			targetProxy = 73CCED281ED5C1F4007401D4 /* PBXContainerItemProxy */;
		};
/* End PBXTargetDependency section */

/* Begin PBXVariantGroup section */
		7312B5101ED4028A009C6B02 /* Main.storyboard */ = {
			isa = PBXVariantGroup;
			children = (
				7312B5111ED4028A009C6B02 /* Base */,
			);
			name = Main.storyboard;
			sourceTree = "<group>";
		};
		7312B5151ED4028A009C6B02 /* LaunchScreen.storyboard */ = {
			isa = PBXVariantGroup;
			children = (
				7312B5161ED4028A009C6B02 /* Base */,
			);
			name = LaunchScreen.storyboard;
			sourceTree = "<group>";
		};
/* End PBXVariantGroup section */

/* Begin XCBuildConfiguration section */
		7312B5191ED4028A009C6B02 /* Debug */ = {
			isa = XCBuildConfiguration;
			buildSettings = {
				ALWAYS_SEARCH_USER_PATHS = NO;
				CLANG_ANALYZER_NONNULL = YES;
				CLANG_ANALYZER_NUMBER_OBJECT_CONVERSION = YES_AGGRESSIVE;
				CLANG_CXX_LANGUAGE_STANDARD = "gnu++0x";
				CLANG_CXX_LIBRARY = "libc++";
				CLANG_ENABLE_MODULES = YES;
				CLANG_ENABLE_OBJC_ARC = YES;
				CLANG_WARN_BOOL_CONVERSION = YES;
				CLANG_WARN_CONSTANT_CONVERSION = YES;
				CLANG_WARN_DIRECT_OBJC_ISA_USAGE = YES_ERROR;
				CLANG_WARN_DOCUMENTATION_COMMENTS = YES;
				CLANG_WARN_EMPTY_BODY = YES;
				CLANG_WARN_ENUM_CONVERSION = YES;
				CLANG_WARN_INFINITE_RECURSION = YES;
				CLANG_WARN_INT_CONVERSION = YES;
				CLANG_WARN_OBJC_ROOT_CLASS = YES_ERROR;
				CLANG_WARN_SUSPICIOUS_MOVE = YES;
				CLANG_WARN_UNREACHABLE_CODE = YES;
				CLANG_WARN__DUPLICATE_METHOD_MATCH = YES;
				"CODE_SIGN_IDENTITY[sdk=iphoneos*]" = "iPhone Developer";
				COPY_PHASE_STRIP = NO;
				DEBUG_INFORMATION_FORMAT = dwarf;
				ENABLE_STRICT_OBJC_MSGSEND = YES;
				ENABLE_TESTABILITY = YES;
				GCC_C_LANGUAGE_STANDARD = gnu99;
				GCC_DYNAMIC_NO_PIC = NO;
				GCC_NO_COMMON_BLOCKS = YES;
				GCC_OPTIMIZATION_LEVEL = 0;
				GCC_PREPROCESSOR_DEFINITIONS = (
					"DEBUG=1",
					"$(inherited)",
				);
				GCC_WARN_64_TO_32_BIT_CONVERSION = YES;
				GCC_WARN_ABOUT_RETURN_TYPE = YES_ERROR;
				GCC_WARN_UNDECLARED_SELECTOR = YES;
				GCC_WARN_UNINITIALIZED_AUTOS = YES_AGGRESSIVE;
				GCC_WARN_UNUSED_FUNCTION = YES;
				GCC_WARN_UNUSED_VARIABLE = YES;
				IPHONEOS_DEPLOYMENT_TARGET = 10.3;
				MTL_ENABLE_DEBUG_INFO = YES;
				ONLY_ACTIVE_ARCH = YES;
				SDKROOT = iphoneos;
				SWIFT_ACTIVE_COMPILATION_CONDITIONS = DEBUG;
				SWIFT_OPTIMIZATION_LEVEL = "-Onone";
				TARGETED_DEVICE_FAMILY = "1,2";
			};
			name = Debug;
		};
		7312B51A1ED4028A009C6B02 /* Release */ = {
			isa = XCBuildConfiguration;
			buildSettings = {
				ALWAYS_SEARCH_USER_PATHS = NO;
				CLANG_ANALYZER_NONNULL = YES;
				CLANG_ANALYZER_NUMBER_OBJECT_CONVERSION = YES_AGGRESSIVE;
				CLANG_CXX_LANGUAGE_STANDARD = "gnu++0x";
				CLANG_CXX_LIBRARY = "libc++";
				CLANG_ENABLE_MODULES = YES;
				CLANG_ENABLE_OBJC_ARC = YES;
				CLANG_WARN_BOOL_CONVERSION = YES;
				CLANG_WARN_CONSTANT_CONVERSION = YES;
				CLANG_WARN_DIRECT_OBJC_ISA_USAGE = YES_ERROR;
				CLANG_WARN_DOCUMENTATION_COMMENTS = YES;
				CLANG_WARN_EMPTY_BODY = YES;
				CLANG_WARN_ENUM_CONVERSION = YES;
				CLANG_WARN_INFINITE_RECURSION = YES;
				CLANG_WARN_INT_CONVERSION = YES;
				CLANG_WARN_OBJC_ROOT_CLASS = YES_ERROR;
				CLANG_WARN_SUSPICIOUS_MOVE = YES;
				CLANG_WARN_UNREACHABLE_CODE = YES;
				CLANG_WARN__DUPLICATE_METHOD_MATCH = YES;
				"CODE_SIGN_IDENTITY[sdk=iphoneos*]" = "iPhone Developer";
				COPY_PHASE_STRIP = NO;
				DEBUG_INFORMATION_FORMAT = "dwarf-with-dsym";
				ENABLE_NS_ASSERTIONS = NO;
				ENABLE_STRICT_OBJC_MSGSEND = YES;
				GCC_C_LANGUAGE_STANDARD = gnu99;
				GCC_NO_COMMON_BLOCKS = YES;
				GCC_WARN_64_TO_32_BIT_CONVERSION = YES;
				GCC_WARN_ABOUT_RETURN_TYPE = YES_ERROR;
				GCC_WARN_UNDECLARED_SELECTOR = YES;
				GCC_WARN_UNINITIALIZED_AUTOS = YES_AGGRESSIVE;
				GCC_WARN_UNUSED_FUNCTION = YES;
				GCC_WARN_UNUSED_VARIABLE = YES;
				IPHONEOS_DEPLOYMENT_TARGET = 10.3;
				MTL_ENABLE_DEBUG_INFO = NO;
				SDKROOT = iphoneos;
				SWIFT_OPTIMIZATION_LEVEL = "-Owholemodule";
				TARGETED_DEVICE_FAMILY = "1,2";
				VALIDATE_PRODUCT = YES;
			};
			name = Release;
		};
		7312B51C1ED4028A009C6B02 /* Debug */ = {
			isa = XCBuildConfiguration;
			buildSettings = {
				ALWAYS_EMBED_SWIFT_STANDARD_LIBRARIES = YES;
				ASSETCATALOG_COMPILER_APPICON_NAME = AppIcon;
				DEVELOPMENT_TEAM = H689839E64;
				FRAMEWORK_SEARCH_PATHS = (
					"$(inherited)",
					"$(PROJECT_DIR)/UIDemoApp/Frameworks",
				);
				INFOPLIST_FILE = UIDemoApp/Info.plist;
				LD_RUNPATH_SEARCH_PATHS = "$(inherited) @executable_path/Frameworks";
				PRODUCT_BUNDLE_IDENTIFIER = com.docquity.UIDemoApp.UIDemoApp;
				PRODUCT_NAME = "$(TARGET_NAME)";
				PROVISIONING_PROFILE = "81af291d-d60b-4c80-b0b0-7ec428d231a6";
				PROVISIONING_PROFILE_SPECIFIER = "Docquity Wildcard";
				SWIFT_VERSION = 3.0;
			};
			name = Debug;
		};
		7312B51D1ED4028A009C6B02 /* Release */ = {
			isa = XCBuildConfiguration;
			buildSettings = {
				ALWAYS_EMBED_SWIFT_STANDARD_LIBRARIES = YES;
				ASSETCATALOG_COMPILER_APPICON_NAME = AppIcon;
				DEVELOPMENT_TEAM = "";
				FRAMEWORK_SEARCH_PATHS = (
					"$(inherited)",
					"$(PROJECT_DIR)/UIDemoApp/Frameworks",
				);
				INFOPLIST_FILE = UIDemoApp/Info.plist;
				LD_RUNPATH_SEARCH_PATHS = "$(inherited) @executable_path/Frameworks";
				PRODUCT_BUNDLE_IDENTIFIER = com.docquity.UIDemoApp.UIDemoApp;
				PRODUCT_NAME = "$(TARGET_NAME)";
				PROVISIONING_PROFILE_SPECIFIER = "";
				SWIFT_VERSION = 3.0;
			};
			name = Release;
		};
/* End XCBuildConfiguration section */

/* Begin XCConfigurationList section */
		7312B5041ED4028A009C6B02 /* Build configuration list for PBXProject "UIDemoApp" */ = {
			isa = XCConfigurationList;
			buildConfigurations = (
				7312B5191ED4028A009C6B02 /* Debug */,
				7312B51A1ED4028A009C6B02 /* Release */,
			);
			defaultConfigurationIsVisible = 0;
			defaultConfigurationName = Release;
		};
		7312B51B1ED4028A009C6B02 /* Build configuration list for PBXNativeTarget "UIDemoApp" */ = {
			isa = XCConfigurationList;
			buildConfigurations = (
				7312B51C1ED4028A009C6B02 /* Debug */,
				7312B51D1ED4028A009C6B02 /* Release */,
			);
			defaultConfigurationIsVisible = 0;
			defaultConfigurationName = Release;
		};
/* End XCConfigurationList section */
	};
	rootObject = 7312B5011ED4028A009C6B02 /* Project object */;
}
