// !$*UTF8*$!
{
	archiveVersion = 1;
	classes = {
	};
	objectVersion = 50;
	objects = {

/* Begin PBXBuildFile section */
		F1074CD527F1710A002FFA8A /* KKBVideoPlayer.h in Headers */ = {isa = PBXBuildFile; fileRef = F1074CD327F1710A002FFA8A /* KKBVideoPlayer.h */; settings = {ATTRIBUTES = (Public, ); }; };
		F1074CE327F17175002FFA8A /* KKVideoPlayerViewVM.swift in Sources */ = {isa = PBXBuildFile; fileRef = F1074CDE27F17175002FFA8A /* KKVideoPlayerViewVM.swift */; };
		F1074CE427F17175002FFA8A /* KKVideoPlayerViewPVM.swift in Sources */ = {isa = PBXBuildFile; fileRef = F1074CDF27F17175002FFA8A /* KKVideoPlayerViewPVM.swift */; };
		F1074CE527F17175002FFA8A /* KKVideoPlayerView.xib in Resources */ = {isa = PBXBuildFile; fileRef = F1074CE127F17175002FFA8A /* KKVideoPlayerView.xib */; };
		F1074CE627F17175002FFA8A /* KKVideoPlayerView.swift in Sources */ = {isa = PBXBuildFile; fileRef = F1074CE227F17175002FFA8A /* KKVideoPlayerView.swift */; };
		F1A96F9F27F18430007AF361 /* Assets.xcassets in Resources */ = {isa = PBXBuildFile; fileRef = F1A96F9E27F18430007AF361 /* Assets.xcassets */; };
/* End PBXBuildFile section */

/* Begin PBXFileReference section */
		0BAB7A60AC32FA3B53CEEF31 /* Pods-KKBVideoPlayer.debug.xcconfig */ = {isa = PBXFileReference; includeInIndex = 1; lastKnownFileType = text.xcconfig; name = "Pods-KKBVideoPlayer.debug.xcconfig"; path = "Target Support Files/Pods-KKBVideoPlayer/Pods-KKBVideoPlayer.debug.xcconfig"; sourceTree = "<group>"; };
		A8C73318C65738874E74FFFA /* Pods_KKBVideoPlayer.framework */ = {isa = PBXFileReference; explicitFileType = wrapper.framework; includeInIndex = 0; path = Pods_KKBVideoPlayer.framework; sourceTree = BUILT_PRODUCTS_DIR; };
		EE61D74CF32C8A6B4E81DB2C /* Pods-KKBVideoPlayer.release.xcconfig */ = {isa = PBXFileReference; includeInIndex = 1; lastKnownFileType = text.xcconfig; name = "Pods-KKBVideoPlayer.release.xcconfig"; path = "Target Support Files/Pods-KKBVideoPlayer/Pods-KKBVideoPlayer.release.xcconfig"; sourceTree = "<group>"; };
		F1074CD027F1710A002FFA8A /* KKBVideoPlayer.framework */ = {isa = PBXFileReference; explicitFileType = wrapper.framework; includeInIndex = 0; path = KKBVideoPlayer.framework; sourceTree = BUILT_PRODUCTS_DIR; };
		F1074CD327F1710A002FFA8A /* KKBVideoPlayer.h */ = {isa = PBXFileReference; lastKnownFileType = sourcecode.c.h; path = KKBVideoPlayer.h; sourceTree = "<group>"; };
		F1074CD427F1710A002FFA8A /* Info.plist */ = {isa = PBXFileReference; lastKnownFileType = text.plist.xml; path = Info.plist; sourceTree = "<group>"; };
		F1074CDE27F17175002FFA8A /* KKVideoPlayerViewVM.swift */ = {isa = PBXFileReference; fileEncoding = 4; lastKnownFileType = sourcecode.swift; path = KKVideoPlayerViewVM.swift; sourceTree = "<group>"; };
		F1074CDF27F17175002FFA8A /* KKVideoPlayerViewPVM.swift */ = {isa = PBXFileReference; fileEncoding = 4; lastKnownFileType = sourcecode.swift; path = KKVideoPlayerViewPVM.swift; sourceTree = "<group>"; };
		F1074CE127F17175002FFA8A /* KKVideoPlayerView.xib */ = {isa = PBXFileReference; fileEncoding = 4; lastKnownFileType = file.xib; path = KKVideoPlayerView.xib; sourceTree = "<group>"; };
		F1074CE227F17175002FFA8A /* KKVideoPlayerView.swift */ = {isa = PBXFileReference; fileEncoding = 4; lastKnownFileType = sourcecode.swift; path = KKVideoPlayerView.swift; sourceTree = "<group>"; };
		F1A96F9E27F18430007AF361 /* Assets.xcassets */ = {isa = PBXFileReference; lastKnownFileType = folder.assetcatalog; path = Assets.xcassets; sourceTree = "<group>"; };
/* End PBXFileReference section */

/* Begin PBXFrameworksBuildPhase section */
		F1074CCD27F1710A002FFA8A /* Frameworks */ = {
			isa = PBXFrameworksBuildPhase;
			buildActionMask = 2147483647;
			files = (
			);
			runOnlyForDeploymentPostprocessing = 0;
		};
/* End PBXFrameworksBuildPhase section */

/* Begin PBXGroup section */
		8F28BB90F5DF6C5368946081 /* Frameworks */ = {
			isa = PBXGroup;
			children = (
				A8C73318C65738874E74FFFA /* Pods_KKBVideoPlayer.framework */,
			);
			name = Frameworks;
			sourceTree = "<group>";
		};
		9AD1C9F83320D0D4BF644240 /* Pods */ = {
			isa = PBXGroup;
			children = (
				0BAB7A60AC32FA3B53CEEF31 /* Pods-KKBVideoPlayer.debug.xcconfig */,
				EE61D74CF32C8A6B4E81DB2C /* Pods-KKBVideoPlayer.release.xcconfig */,
			);
			path = Pods;
			sourceTree = "<group>";
		};
		F1074CC627F1710A002FFA8A = {
			isa = PBXGroup;
			children = (
				F1A96F9E27F18430007AF361 /* Assets.xcassets */,
				F1074CD227F1710A002FFA8A /* KKBVideoPlayer */,
				F1074CD127F1710A002FFA8A /* Products */,
				9AD1C9F83320D0D4BF644240 /* Pods */,
				8F28BB90F5DF6C5368946081 /* Frameworks */,
			);
			sourceTree = "<group>";
		};
		F1074CD127F1710A002FFA8A /* Products */ = {
			isa = PBXGroup;
			children = (
				F1074CD027F1710A002FFA8A /* KKBVideoPlayer.framework */,
			);
			name = Products;
			sourceTree = "<group>";
		};
		F1074CD227F1710A002FFA8A /* KKBVideoPlayer */ = {
			isa = PBXGroup;
			children = (
				F1074CE027F17175002FFA8A /* KKView */,
				F1074CDD27F17175002FFA8A /* KKViewModel */,
				F1074CD327F1710A002FFA8A /* KKBVideoPlayer.h */,
				F1074CD427F1710A002FFA8A /* Info.plist */,
			);
			path = KKBVideoPlayer;
			sourceTree = "<group>";
		};
		F1074CDD27F17175002FFA8A /* KKViewModel */ = {
			isa = PBXGroup;
			children = (
				F1074CDE27F17175002FFA8A /* KKVideoPlayerViewVM.swift */,
				F1074CDF27F17175002FFA8A /* KKVideoPlayerViewPVM.swift */,
			);
			path = KKViewModel;
			sourceTree = "<group>";
		};
		F1074CE027F17175002FFA8A /* KKView */ = {
			isa = PBXGroup;
			children = (
				F1074CE127F17175002FFA8A /* KKVideoPlayerView.xib */,
				F1074CE227F17175002FFA8A /* KKVideoPlayerView.swift */,
			);
			path = KKView;
			sourceTree = "<group>";
		};
/* End PBXGroup section */

/* Begin PBXHeadersBuildPhase section */
		F1074CCB27F1710A002FFA8A /* Headers */ = {
			isa = PBXHeadersBuildPhase;
			buildActionMask = 2147483647;
			files = (
				F1074CD527F1710A002FFA8A /* KKBVideoPlayer.h in Headers */,
			);
			runOnlyForDeploymentPostprocessing = 0;
		};
/* End PBXHeadersBuildPhase section */

/* Begin PBXNativeTarget section */
		F1074CCF27F1710A002FFA8A /* KKBVideoPlayer */ = {
			isa = PBXNativeTarget;
			buildConfigurationList = F1074CD827F1710A002FFA8A /* Build configuration list for PBXNativeTarget "KKBVideoPlayer" */;
			buildPhases = (
				C64D651F2881A7CFD95182EF /* [CP] Check Pods Manifest.lock */,
				F1074CCB27F1710A002FFA8A /* Headers */,
				F1074CCC27F1710A002FFA8A /* Sources */,
				F1074CCD27F1710A002FFA8A /* Frameworks */,
				F1074CCE27F1710A002FFA8A /* Resources */,
			);
			buildRules = (
			);
			dependencies = (
			);
			name = KKBVideoPlayer;
			productName = KKBVideoPlayer;
			productReference = F1074CD027F1710A002FFA8A /* KKBVideoPlayer.framework */;
			productType = "com.apple.product-type.framework";
		};
/* End PBXNativeTarget section */

/* Begin PBXProject section */
		F1074CC727F1710A002FFA8A /* Project object */ = {
			isa = PBXProject;
			attributes = {
				LastUpgradeCheck = 1220;
				TargetAttributes = {
					F1074CCF27F1710A002FFA8A = {
						CreatedOnToolsVersion = 12.2;
					};
				};
			};
			buildConfigurationList = F1074CCA27F1710A002FFA8A /* Build configuration list for PBXProject "KKBVideoPlayer" */;
			compatibilityVersion = "Xcode 9.3";
			developmentRegion = en;
			hasScannedForEncodings = 0;
			knownRegions = (
				en,
				Base,
			);
			mainGroup = F1074CC627F1710A002FFA8A;
			productRefGroup = F1074CD127F1710A002FFA8A /* Products */;
			projectDirPath = "";
			projectRoot = "";
			targets = (
				F1074CCF27F1710A002FFA8A /* KKBVideoPlayer */,
			);
		};
/* End PBXProject section */

/* Begin PBXResourcesBuildPhase section */
		F1074CCE27F1710A002FFA8A /* Resources */ = {
			isa = PBXResourcesBuildPhase;
			buildActionMask = 2147483647;
			files = (
				F1A96F9F27F18430007AF361 /* Assets.xcassets in Resources */,
				F1074CE527F17175002FFA8A /* KKVideoPlayerView.xib in Resources */,
			);
			runOnlyForDeploymentPostprocessing = 0;
		};
/* End PBXResourcesBuildPhase section */

/* Begin PBXShellScriptBuildPhase section */
		C64D651F2881A7CFD95182EF /* [CP] Check Pods Manifest.lock */ = {
			isa = PBXShellScriptBuildPhase;
			buildActionMask = 2147483647;
			files = (
			);
			inputFileListPaths = (
			);
			inputPaths = (
				"${PODS_PODFILE_DIR_PATH}/Podfile.lock",
				"${PODS_ROOT}/Manifest.lock",
			);
			name = "[CP] Check Pods Manifest.lock";
			outputFileListPaths = (
			);
			outputPaths = (
				"$(DERIVED_FILE_DIR)/Pods-KKBVideoPlayer-checkManifestLockResult.txt",
			);
			runOnlyForDeploymentPostprocessing = 0;
			shellPath = /bin/sh;
			shellScript = "diff \"${PODS_PODFILE_DIR_PATH}/Podfile.lock\" \"${PODS_ROOT}/Manifest.lock\" > /dev/null\nif [ $? != 0 ] ; then\n    # print error to STDERR\n    echo \"error: The sandbox is not in sync with the Podfile.lock. Run 'pod install' or update your CocoaPods installation.\" >&2\n    exit 1\nfi\n# This output is used by Xcode 'outputs' to avoid re-running this script phase.\necho \"SUCCESS\" > \"${SCRIPT_OUTPUT_FILE_0}\"\n";
			showEnvVarsInLog = 0;
		};
/* End PBXShellScriptBuildPhase section */

/* Begin PBXSourcesBuildPhase section */
		F1074CCC27F1710A002FFA8A /* Sources */ = {
			isa = PBXSourcesBuildPhase;
			buildActionMask = 2147483647;
			files = (
				F1074CE327F17175002FFA8A /* KKVideoPlayerViewVM.swift in Sources */,
				F1074CE427F17175002FFA8A /* KKVideoPlayerViewPVM.swift in Sources */,
				F1074CE627F17175002FFA8A /* KKVideoPlayerView.swift in Sources */,
			);
			runOnlyForDeploymentPostprocessing = 0;
		};
/* End PBXSourcesBuildPhase section */

/* Begin XCBuildConfiguration section */
		F1074CD627F1710A002FFA8A /* Debug */ = {
			isa = XCBuildConfiguration;
			buildSettings = {
				ALWAYS_SEARCH_USER_PATHS = NO;
				CLANG_ANALYZER_NONNULL = YES;
				CLANG_ANALYZER_NUMBER_OBJECT_CONVERSION = YES_AGGRESSIVE;
				CLANG_CXX_LANGUAGE_STANDARD = "gnu++14";
				CLANG_CXX_LIBRARY = "libc++";
				CLANG_ENABLE_MODULES = YES;
				CLANG_ENABLE_OBJC_ARC = YES;
				CLANG_ENABLE_OBJC_WEAK = YES;
				CLANG_WARN_BLOCK_CAPTURE_AUTORELEASING = YES;
				CLANG_WARN_BOOL_CONVERSION = YES;
				CLANG_WARN_COMMA = YES;
				CLANG_WARN_CONSTANT_CONVERSION = YES;
				CLANG_WARN_DEPRECATED_OBJC_IMPLEMENTATIONS = YES;
				CLANG_WARN_DIRECT_OBJC_ISA_USAGE = YES_ERROR;
				CLANG_WARN_DOCUMENTATION_COMMENTS = YES;
				CLANG_WARN_EMPTY_BODY = YES;
				CLANG_WARN_ENUM_CONVERSION = YES;
				CLANG_WARN_INFINITE_RECURSION = YES;
				CLANG_WARN_INT_CONVERSION = YES;
				CLANG_WARN_NON_LITERAL_NULL_CONVERSION = YES;
				CLANG_WARN_OBJC_IMPLICIT_RETAIN_SELF = YES;
				CLANG_WARN_OBJC_LITERAL_CONVERSION = YES;
				CLANG_WARN_OBJC_ROOT_CLASS = YES_ERROR;
				CLANG_WARN_QUOTED_INCLUDE_IN_FRAMEWORK_HEADER = YES;
				CLANG_WARN_RANGE_LOOP_ANALYSIS = YES;
				CLANG_WARN_STRICT_PROTOTYPES = YES;
				CLANG_WARN_SUSPICIOUS_MOVE = YES;
				CLANG_WARN_UNGUARDED_AVAILABILITY = YES_AGGRESSIVE;
				CLANG_WARN_UNREACHABLE_CODE = YES;
				CLANG_WARN__DUPLICATE_METHOD_MATCH = YES;
				COPY_PHASE_STRIP = NO;
				CURRENT_PROJECT_VERSION = 1;
				DEBUG_INFORMATION_FORMAT = dwarf;
				ENABLE_STRICT_OBJC_MSGSEND = YES;
				ENABLE_TESTABILITY = YES;
				GCC_C_LANGUAGE_STANDARD = gnu11;
				GCC_DYNAMIC_NO_PIC = NO;
				GCC_NO_COMMON_BLOCKS = YES;
				GCC_OPTIMIZATION_LEVEL = 0;
				GCC_PREPROCESSOR_DEFINITIONS = (
					"DEBUG=1",
					"$(inherited)",
				);
				GCC_WARN_64_TO_32_BIT_CONVERSION = YES;
				GCC_WARN_ABOUT_RETURN_TYPE = YES_ERROR;
				GCC_WARN_UNDECLARED_SELECTOR = YES;
				GCC_WARN_UNINITIALIZED_AUTOS = YES_AGGRESSIVE;
				GCC_WARN_UNUSED_FUNCTION = YES;
				GCC_WARN_UNUSED_VARIABLE = YES;
				IPHONEOS_DEPLOYMENT_TARGET = 14.2;
				MTL_ENABLE_DEBUG_INFO = INCLUDE_SOURCE;
				MTL_FAST_MATH = YES;
				ONLY_ACTIVE_ARCH = YES;
				SDKROOT = iphoneos;
				SWIFT_ACTIVE_COMPILATION_CONDITIONS = DEBUG;
				SWIFT_OPTIMIZATION_LEVEL = "-Onone";
				VERSIONING_SYSTEM = "apple-generic";
				VERSION_INFO_PREFIX = "";
			};
			name = Debug;
		};
		F1074CD727F1710A002FFA8A /* Release */ = {
			isa = XCBuildConfiguration;
			buildSettings = {
				ALWAYS_SEARCH_USER_PATHS = NO;
				CLANG_ANALYZER_NONNULL = YES;
				CLANG_ANALYZER_NUMBER_OBJECT_CONVERSION = YES_AGGRESSIVE;
				CLANG_CXX_LANGUAGE_STANDARD = "gnu++14";
				CLANG_CXX_LIBRARY = "libc++";
				CLANG_ENABLE_MODULES = YES;
				CLANG_ENABLE_OBJC_ARC = YES;
				CLANG_ENABLE_OBJC_WEAK = YES;
				CLANG_WARN_BLOCK_CAPTURE_AUTORELEASING = YES;
				CLANG_WARN_BOOL_CONVERSION = YES;
				CLANG_WARN_COMMA = YES;
				CLANG_WARN_CONSTANT_CONVERSION = YES;
				CLANG_WARN_DEPRECATED_OBJC_IMPLEMENTATIONS = YES;
				CLANG_WARN_DIRECT_OBJC_ISA_USAGE = YES_ERROR;
				CLANG_WARN_DOCUMENTATION_COMMENTS = YES;
				CLANG_WARN_EMPTY_BODY = YES;
				CLANG_WARN_ENUM_CONVERSION = YES;
				CLANG_WARN_INFINITE_RECURSION = YES;
				CLANG_WARN_INT_CONVERSION = YES;
				CLANG_WARN_NON_LITERAL_NULL_CONVERSION = YES;
				CLANG_WARN_OBJC_IMPLICIT_RETAIN_SELF = YES;
				CLANG_WARN_OBJC_LITERAL_CONVERSION = YES;
				CLANG_WARN_OBJC_ROOT_CLASS = YES_ERROR;
				CLANG_WARN_QUOTED_INCLUDE_IN_FRAMEWORK_HEADER = YES;
				CLANG_WARN_RANGE_LOOP_ANALYSIS = YES;
				CLANG_WARN_STRICT_PROTOTYPES = YES;
				CLANG_WARN_SUSPICIOUS_MOVE = YES;
				CLANG_WARN_UNGUARDED_AVAILABILITY = YES_AGGRESSIVE;
				CLANG_WARN_UNREACHABLE_CODE = YES;
				CLANG_WARN__DUPLICATE_METHOD_MATCH = YES;
				COPY_PHASE_STRIP = NO;
				CURRENT_PROJECT_VERSION = 1;
				DEBUG_INFORMATION_FORMAT = "dwarf-with-dsym";
				ENABLE_NS_ASSERTIONS = NO;
				ENABLE_STRICT_OBJC_MSGSEND = YES;
				GCC_C_LANGUAGE_STANDARD = gnu11;
				GCC_NO_COMMON_BLOCKS = YES;
				GCC_WARN_64_TO_32_BIT_CONVERSION = YES;
				GCC_WARN_ABOUT_RETURN_TYPE = YES_ERROR;
				GCC_WARN_UNDECLARED_SELECTOR = YES;
				GCC_WARN_UNINITIALIZED_AUTOS = YES_AGGRESSIVE;
				GCC_WARN_UNUSED_FUNCTION = YES;
				GCC_WARN_UNUSED_VARIABLE = YES;
				IPHONEOS_DEPLOYMENT_TARGET = 14.2;
				MTL_ENABLE_DEBUG_INFO = NO;
				MTL_FAST_MATH = YES;
				SDKROOT = iphoneos;
				SWIFT_COMPILATION_MODE = wholemodule;
				SWIFT_OPTIMIZATION_LEVEL = "-O";
				VALIDATE_PRODUCT = YES;
				VERSIONING_SYSTEM = "apple-generic";
				VERSION_INFO_PREFIX = "";
			};
			name = Release;
		};
		F1074CD927F1710A002FFA8A /* Debug */ = {
			isa = XCBuildConfiguration;
			baseConfigurationReference = 0BAB7A60AC32FA3B53CEEF31 /* Pods-KKBVideoPlayer.debug.xcconfig */;
			buildSettings = {
				CODE_SIGN_IDENTITY = "Apple Development";
				CODE_SIGN_STYLE = Manual;
				DEFINES_MODULE = YES;
				DEVELOPMENT_TEAM = H689839E64;
				DYLIB_COMPATIBILITY_VERSION = 1;
				DYLIB_CURRENT_VERSION = 1;
				DYLIB_INSTALL_NAME_BASE = "@rpath";
				INFOPLIST_FILE = KKBVideoPlayer/Info.plist;
				INSTALL_PATH = "$(LOCAL_LIBRARY_DIR)/Frameworks";
				IPHONEOS_DEPLOYMENT_TARGET = 9.0;
				LD_RUNPATH_SEARCH_PATHS = (
					"$(inherited)",
					"@executable_path/Frameworks",
					"@loader_path/Frameworks",
				);
				PRODUCT_BUNDLE_IDENTIFIER = com.docquity.KKBVideoPlayer;
				PRODUCT_NAME = "$(TARGET_NAME:c99extidentifier)";
				PROVISIONING_PROFILE_SPECIFIER = "";
				SKIP_INSTALL = YES;
				SUPPORTS_MACCATALYST = NO;
				SWIFT_VERSION = 5.0;
				TARGETED_DEVICE_FAMILY = "1,2";
			};
			name = Debug;
		};
		F1074CDA27F1710A002FFA8A /* Release */ = {
			isa = XCBuildConfiguration;
			baseConfigurationReference = EE61D74CF32C8A6B4E81DB2C /* Pods-KKBVideoPlayer.release.xcconfig */;
			buildSettings = {
				CODE_SIGN_IDENTITY = "Apple Development";
				CODE_SIGN_STYLE = Manual;
				DEFINES_MODULE = YES;
				DEVELOPMENT_TEAM = H689839E64;
				DYLIB_COMPATIBILITY_VERSION = 1;
				DYLIB_CURRENT_VERSION = 1;
				DYLIB_INSTALL_NAME_BASE = "@rpath";
				INFOPLIST_FILE = KKBVideoPlayer/Info.plist;
				INSTALL_PATH = "$(LOCAL_LIBRARY_DIR)/Frameworks";
				IPHONEOS_DEPLOYMENT_TARGET = 9.0;
				LD_RUNPATH_SEARCH_PATHS = (
					"$(inherited)",
					"@executable_path/Frameworks",
					"@loader_path/Frameworks",
				);
				PRODUCT_BUNDLE_IDENTIFIER = com.docquity.KKBVideoPlayer;
				PRODUCT_NAME = "$(TARGET_NAME:c99extidentifier)";
				PROVISIONING_PROFILE_SPECIFIER = "";
				SKIP_INSTALL = YES;
				SUPPORTS_MACCATALYST = NO;
				SWIFT_VERSION = 5.0;
				TARGETED_DEVICE_FAMILY = "1,2";
			};
			name = Release;
		};
/* End XCBuildConfiguration section */

/* Begin XCConfigurationList section */
		F1074CCA27F1710A002FFA8A /* Build configuration list for PBXProject "KKBVideoPlayer" */ = {
			isa = XCConfigurationList;
			buildConfigurations = (
				F1074CD627F1710A002FFA8A /* Debug */,
				F1074CD727F1710A002FFA8A /* Release */,
			);
			defaultConfigurationIsVisible = 0;
			defaultConfigurationName = Release;
		};
		F1074CD827F1710A002FFA8A /* Build configuration list for PBXNativeTarget "KKBVideoPlayer" */ = {
			isa = XCConfigurationList;
			buildConfigurations = (
				F1074CD927F1710A002FFA8A /* Debug */,
				F1074CDA27F1710A002FFA8A /* Release */,
			);
			defaultConfigurationIsVisible = 0;
			defaultConfigurationName = Release;
		};
/* End XCConfigurationList section */
	};
	rootObject = F1074CC727F1710A002FFA8A /* Project object */;
}
